// !$*UTF8*$!
{
	archiveVersion = 1;
	classes = {
	};
	objectVersion = 46;
	objects = {

/* Begin PBXBuildFile section */
		E794A13F1B1AD55800EEF2B2 /* AppDelegate.swift in Sources */ = {isa = PBXBuildFile; fileRef = E794A13E1B1AD55800EEF2B2 /* AppDelegate.swift */; };
		E794A1441B1AD55800EEF2B2 /* Main.storyboard in Resources */ = {isa = PBXBuildFile; fileRef = E794A1421B1AD55800EEF2B2 /* Main.storyboard */; };
		E794A1461B1AD55800EEF2B2 /* Images.xcassets in Resources */ = {isa = PBXBuildFile; fileRef = E794A1451B1AD55800EEF2B2 /* Images.xcassets */; };
		E794A1551B1AD55800EEF2B2 /* codepath_tumblrTests.swift in Sources */ = {isa = PBXBuildFile; fileRef = E794A1541B1AD55800EEF2B2 /* codepath_tumblrTests.swift */; };
		E794A15F1B1AD7CF00EEF2B2 /* HomeViewController.swift in Sources */ = {isa = PBXBuildFile; fileRef = E794A15E1B1AD7CF00EEF2B2 /* HomeViewController.swift */; };
		E794A1621B1AD8BC00EEF2B2 /* TabBarViewController.swift in Sources */ = {isa = PBXBuildFile; fileRef = E794A1611B1AD8BC00EEF2B2 /* TabBarViewController.swift */; };
		E794A1641B1B726B00EEF2B2 /* SearchViewController.swift in Sources */ = {isa = PBXBuildFile; fileRef = E794A1631B1B726B00EEF2B2 /* SearchViewController.swift */; };
		E794A1661B1B742000EEF2B2 /* ComposeViewController.swift in Sources */ = {isa = PBXBuildFile; fileRef = E794A1651B1B742000EEF2B2 /* ComposeViewController.swift */; };
		E794A1681B1B810F00EEF2B2 /* AccountViewController.swift in Sources */ = {isa = PBXBuildFile; fileRef = E794A1671B1B810F00EEF2B2 /* AccountViewController.swift */; };
		E794A16A1B1B815E00EEF2B2 /* TrendingViewController.swift in Sources */ = {isa = PBXBuildFile; fileRef = E794A1691B1B815E00EEF2B2 /* TrendingViewController.swift */; };
		E794A16C1B1BC68000EEF2B2 /* Common.swift in Sources */ = {isa = PBXBuildFile; fileRef = E794A16B1B1BC68000EEF2B2 /* Common.swift */; };
		E794A16E1B1BCDFA00EEF2B2 /* LoginViewController.swift in Sources */ = {isa = PBXBuildFile; fileRef = E794A16D1B1BCDFA00EEF2B2 /* LoginViewController.swift */; };
		E794A1741B1BD58D00EEF2B2 /* BaseTransition.swift in Sources */ = {isa = PBXBuildFile; fileRef = E794A1731B1BD58D00EEF2B2 /* BaseTransition.swift */; };
		E794A1761B1BD59A00EEF2B2 /* FadeTransition.swift in Sources */ = {isa = PBXBuildFile; fileRef = E794A1751B1BD59A00EEF2B2 /* FadeTransition.swift */; };
/* End PBXBuildFile section */

/* Begin PBXContainerItemProxy section */
		E794A14F1B1AD55800EEF2B2 /* PBXContainerItemProxy */ = {
			isa = PBXContainerItemProxy;
			containerPortal = E794A1311B1AD55800EEF2B2 /* Project object */;
			proxyType = 1;
			remoteGlobalIDString = E794A1381B1AD55800EEF2B2;
			remoteInfo = "codepath-tumblr";
		};
/* End PBXContainerItemProxy section */

/* Begin PBXFileReference section */
		E794A1391B1AD55800EEF2B2 /* codepath-tumblr.app */ = {isa = PBXFileReference; explicitFileType = wrapper.application; includeInIndex = 0; path = "codepath-tumblr.app"; sourceTree = BUILT_PRODUCTS_DIR; };
		E794A13D1B1AD55800EEF2B2 /* Info.plist */ = {isa = PBXFileReference; lastKnownFileType = text.plist.xml; path = Info.plist; sourceTree = "<group>"; };
		E794A13E1B1AD55800EEF2B2 /* AppDelegate.swift */ = {isa = PBXFileReference; lastKnownFileType = sourcecode.swift; path = AppDelegate.swift; sourceTree = "<group>"; };
		E794A1431B1AD55800EEF2B2 /* Base */ = {isa = PBXFileReference; lastKnownFileType = file.storyboard; name = Base; path = Base.lproj/Main.storyboard; sourceTree = "<group>"; };
		E794A1451B1AD55800EEF2B2 /* Images.xcassets */ = {isa = PBXFileReference; lastKnownFileType = folder.assetcatalog; path = Images.xcassets; sourceTree = "<group>"; };
		E794A14E1B1AD55800EEF2B2 /* codepath-tumblrTests.xctest */ = {isa = PBXFileReference; explicitFileType = wrapper.cfbundle; includeInIndex = 0; path = "codepath-tumblrTests.xctest"; sourceTree = BUILT_PRODUCTS_DIR; };
		E794A1531B1AD55800EEF2B2 /* Info.plist */ = {isa = PBXFileReference; lastKnownFileType = text.plist.xml; path = Info.plist; sourceTree = "<group>"; };
		E794A1541B1AD55800EEF2B2 /* codepath_tumblrTests.swift */ = {isa = PBXFileReference; lastKnownFileType = sourcecode.swift; path = codepath_tumblrTests.swift; sourceTree = "<group>"; };
		E794A15E1B1AD7CF00EEF2B2 /* HomeViewController.swift */ = {isa = PBXFileReference; fileEncoding = 4; lastKnownFileType = sourcecode.swift; path = HomeViewController.swift; sourceTree = "<group>"; };
		E794A1611B1AD8BC00EEF2B2 /* TabBarViewController.swift */ = {isa = PBXFileReference; fileEncoding = 4; lastKnownFileType = sourcecode.swift; path = TabBarViewController.swift; sourceTree = "<group>"; };
		E794A1631B1B726B00EEF2B2 /* SearchViewController.swift */ = {isa = PBXFileReference; fileEncoding = 4; lastKnownFileType = sourcecode.swift; path = SearchViewController.swift; sourceTree = "<group>"; };
		E794A1651B1B742000EEF2B2 /* ComposeViewController.swift */ = {isa = PBXFileReference; fileEncoding = 4; lastKnownFileType = sourcecode.swift; path = ComposeViewController.swift; sourceTree = "<group>"; };
		E794A1671B1B810F00EEF2B2 /* AccountViewController.swift */ = {isa = PBXFileReference; fileEncoding = 4; lastKnownFileType = sourcecode.swift; path = AccountViewController.swift; sourceTree = "<group>"; };
		E794A1691B1B815E00EEF2B2 /* TrendingViewController.swift */ = {isa = PBXFileReference; fileEncoding = 4; lastKnownFileType = sourcecode.swift; path = TrendingViewController.swift; sourceTree = "<group>"; };
		E794A16B1B1BC68000EEF2B2 /* Common.swift */ = {isa = PBXFileReference; fileEncoding = 4; lastKnownFileType = sourcecode.swift; path = Common.swift; sourceTree = "<group>"; };
		E794A16D1B1BCDFA00EEF2B2 /* LoginViewController.swift */ = {isa = PBXFileReference; fileEncoding = 4; lastKnownFileType = sourcecode.swift; path = LoginViewController.swift; sourceTree = "<group>"; };
		E794A1731B1BD58D00EEF2B2 /* BaseTransition.swift */ = {isa = PBXFileReference; fileEncoding = 4; lastKnownFileType = sourcecode.swift; path = BaseTransition.swift; sourceTree = "<group>"; };
		E794A1751B1BD59A00EEF2B2 /* FadeTransition.swift */ = {isa = PBXFileReference; fileEncoding = 4; lastKnownFileType = sourcecode.swift; path = FadeTransition.swift; sourceTree = "<group>"; };
/* End PBXFileReference section */

/* Begin PBXFrameworksBuildPhase section */
		E794A1361B1AD55800EEF2B2 /* Frameworks */ = {
			isa = PBXFrameworksBuildPhase;
			buildActionMask = 2147483647;
			files = (
			);
			runOnlyForDeploymentPostprocessing = 0;
		};
		E794A14B1B1AD55800EEF2B2 /* Frameworks */ = {
			isa = PBXFrameworksBuildPhase;
			buildActionMask = 2147483647;
			files = (
			);
			runOnlyForDeploymentPostprocessing = 0;
		};
/* End PBXFrameworksBuildPhase section */

/* Begin PBXGroup section */
		E794A1301B1AD55800EEF2B2 = {
			isa = PBXGroup;
			children = (
				E794A13B1B1AD55800EEF2B2 /* codepath-tumblr */,
				E794A1511B1AD55800EEF2B2 /* codepath-tumblrTests */,
				E794A13A1B1AD55800EEF2B2 /* Products */,
			);
			sourceTree = "<group>";
		};
		E794A13A1B1AD55800EEF2B2 /* Products */ = {
			isa = PBXGroup;
			children = (
				E794A1391B1AD55800EEF2B2 /* codepath-tumblr.app */,
				E794A14E1B1AD55800EEF2B2 /* codepath-tumblrTests.xctest */,
			);
			name = Products;
			sourceTree = "<group>";
		};
		E794A13B1B1AD55800EEF2B2 /* codepath-tumblr */ = {
			isa = PBXGroup;
			children = (
				E794A13E1B1AD55800EEF2B2 /* AppDelegate.swift */,
				E794A1731B1BD58D00EEF2B2 /* BaseTransition.swift */,
				E794A16B1B1BC68000EEF2B2 /* Common.swift */,
				E794A1751B1BD59A00EEF2B2 /* FadeTransition.swift */,
				E794A1421B1AD55800EEF2B2 /* Main.storyboard */,
				E794A1601B1AD7D700EEF2B2 /* View Controllers */,
				E794A1451B1AD55800EEF2B2 /* Images.xcassets */,
				E794A13C1B1AD55800EEF2B2 /* Supporting Files */,
			);
			path = "codepath-tumblr";
			sourceTree = "<group>";
		};
		E794A13C1B1AD55800EEF2B2 /* Supporting Files */ = {
			isa = PBXGroup;
			children = (
				E794A13D1B1AD55800EEF2B2 /* Info.plist */,
			);
			name = "Supporting Files";
			sourceTree = "<group>";
		};
		E794A1511B1AD55800EEF2B2 /* codepath-tumblrTests */ = {
			isa = PBXGroup;
			children = (
				E794A1541B1AD55800EEF2B2 /* codepath_tumblrTests.swift */,
				E794A1521B1AD55800EEF2B2 /* Supporting Files */,
			);
			path = "codepath-tumblrTests";
			sourceTree = "<group>";
		};
		E794A1521B1AD55800EEF2B2 /* Supporting Files */ = {
			isa = PBXGroup;
			children = (
				E794A1531B1AD55800EEF2B2 /* Info.plist */,
			);
			name = "Supporting Files";
			sourceTree = "<group>";
		};
		E794A1601B1AD7D700EEF2B2 /* View Controllers */ = {
			isa = PBXGroup;
			children = (
				E794A16D1B1BCDFA00EEF2B2 /* LoginViewController.swift */,
				E794A1691B1B815E00EEF2B2 /* TrendingViewController.swift */,
				E794A1671B1B810F00EEF2B2 /* AccountViewController.swift */,
				E794A1651B1B742000EEF2B2 /* ComposeViewController.swift */,
				E794A1631B1B726B00EEF2B2 /* SearchViewController.swift */,
				E794A1611B1AD8BC00EEF2B2 /* TabBarViewController.swift */,
				E794A15E1B1AD7CF00EEF2B2 /* HomeViewController.swift */,
			);
			name = "View Controllers";
			sourceTree = "<group>";
		};
/* End PBXGroup section */

/* Begin PBXNativeTarget section */
		E794A1381B1AD55800EEF2B2 /* codepath-tumblr */ = {
			isa = PBXNativeTarget;
			buildConfigurationList = E794A1581B1AD55800EEF2B2 /* Build configuration list for PBXNativeTarget "codepath-tumblr" */;
			buildPhases = (
				E794A1351B1AD55800EEF2B2 /* Sources */,
				E794A1361B1AD55800EEF2B2 /* Frameworks */,
				E794A1371B1AD55800EEF2B2 /* Resources */,
			);
			buildRules = (
			);
			dependencies = (
			);
			name = "codepath-tumblr";
			productName = "codepath-tumblr";
			productReference = E794A1391B1AD55800EEF2B2 /* codepath-tumblr.app */;
			productType = "com.apple.product-type.application";
		};
		E794A14D1B1AD55800EEF2B2 /* codepath-tumblrTests */ = {
			isa = PBXNativeTarget;
			buildConfigurationList = E794A15B1B1AD55800EEF2B2 /* Build configuration list for PBXNativeTarget "codepath-tumblrTests" */;
			buildPhases = (
				E794A14A1B1AD55800EEF2B2 /* Sources */,
				E794A14B1B1AD55800EEF2B2 /* Frameworks */,
				E794A14C1B1AD55800EEF2B2 /* Resources */,
			);
			buildRules = (
			);
			dependencies = (
				E794A1501B1AD55800EEF2B2 /* PBXTargetDependency */,
			);
			name = "codepath-tumblrTests";
			productName = "codepath-tumblrTests";
			productReference = E794A14E1B1AD55800EEF2B2 /* codepath-tumblrTests.xctest */;
			productType = "com.apple.product-type.bundle.unit-test";
		};
/* End PBXNativeTarget section */

/* Begin PBXProject section */
		E794A1311B1AD55800EEF2B2 /* Project object */ = {
			isa = PBXProject;
			attributes = {
				LastUpgradeCheck = 0630;
				ORGANIZATIONNAME = dailydoog;
				TargetAttributes = {
					E794A1381B1AD55800EEF2B2 = {
						CreatedOnToolsVersion = 6.3.2;
					};
					E794A14D1B1AD55800EEF2B2 = {
						CreatedOnToolsVersion = 6.3.2;
						TestTargetID = E794A1381B1AD55800EEF2B2;
					};
				};
			};
			buildConfigurationList = E794A1341B1AD55800EEF2B2 /* Build configuration list for PBXProject "codepath-tumblr" */;
			compatibilityVersion = "Xcode 3.2";
			developmentRegion = English;
			hasScannedForEncodings = 0;
			knownRegions = (
				en,
				Base,
			);
			mainGroup = E794A1301B1AD55800EEF2B2;
			productRefGroup = E794A13A1B1AD55800EEF2B2 /* Products */;
			projectDirPath = "";
			projectRoot = "";
			targets = (
				E794A1381B1AD55800EEF2B2 /* codepath-tumblr */,
				E794A14D1B1AD55800EEF2B2 /* codepath-tumblrTests */,
			);
		};
/* End PBXProject section */

/* Begin PBXResourcesBuildPhase section */
		E794A1371B1AD55800EEF2B2 /* Resources */ = {
			isa = PBXResourcesBuildPhase;
			buildActionMask = 2147483647;
			files = (
				E794A1441B1AD55800EEF2B2 /* Main.storyboard in Resources */,
				E794A1461B1AD55800EEF2B2 /* Images.xcassets in Resources */,
			);
			runOnlyForDeploymentPostprocessing = 0;
		};
		E794A14C1B1AD55800EEF2B2 /* Resources */ = {
			isa = PBXResourcesBuildPhase;
			buildActionMask = 2147483647;
			files = (
			);
			runOnlyForDeploymentPostprocessing = 0;
		};
/* End PBXResourcesBuildPhase section */

/* Begin PBXSourcesBuildPhase section */
		E794A1351B1AD55800EEF2B2 /* Sources */ = {
			isa = PBXSourcesBuildPhase;
			buildActionMask = 2147483647;
			files = (
				E794A16E1B1BCDFA00EEF2B2 /* LoginViewController.swift in Sources */,
				E794A1741B1BD58D00EEF2B2 /* BaseTransition.swift in Sources */,
				E794A16C1B1BC68000EEF2B2 /* Common.swift in Sources */,
				E794A16A1B1B815E00EEF2B2 /* TrendingViewController.swift in Sources */,
				E794A1661B1B742000EEF2B2 /* ComposeViewController.swift in Sources */,
				E794A1621B1AD8BC00EEF2B2 /* TabBarViewController.swift in Sources */,
				E794A1681B1B810F00EEF2B2 /* AccountViewController.swift in Sources */,
				E794A13F1B1AD55800EEF2B2 /* AppDelegate.swift in Sources */,
				E794A1641B1B726B00EEF2B2 /* SearchViewController.swift in Sources */,
				E794A1761B1BD59A00EEF2B2 /* FadeTransition.swift in Sources */,
				E794A15F1B1AD7CF00EEF2B2 /* HomeViewController.swift in Sources */,
			);
			runOnlyForDeploymentPostprocessing = 0;
		};
		E794A14A1B1AD55800EEF2B2 /* Sources */ = {
			isa = PBXSourcesBuildPhase;
			buildActionMask = 2147483647;
			files = (
				E794A1551B1AD55800EEF2B2 /* codepath_tumblrTests.swift in Sources */,
			);
			runOnlyForDeploymentPostprocessing = 0;
		};
/* End PBXSourcesBuildPhase section */

/* Begin PBXTargetDependency section */
		E794A1501B1AD55800EEF2B2 /* PBXTargetDependency */ = {
			isa = PBXTargetDependency;
			target = E794A1381B1AD55800EEF2B2 /* codepath-tumblr */;
			targetProxy = E794A14F1B1AD55800EEF2B2 /* PBXContainerItemProxy */;
		};
/* End PBXTargetDependency section */

/* Begin PBXVariantGroup section */
		E794A1421B1AD55800EEF2B2 /* Main.storyboard */ = {
			isa = PBXVariantGroup;
			children = (
				E794A1431B1AD55800EEF2B2 /* Base */,
			);
			name = Main.storyboard;
			sourceTree = "<group>";
		};
/* End PBXVariantGroup section */

/* Begin XCBuildConfiguration section */
		E794A1561B1AD55800EEF2B2 /* Debug */ = {
			isa = XCBuildConfiguration;
			buildSettings = {
				ALWAYS_SEARCH_USER_PATHS = NO;
				CLANG_CXX_LANGUAGE_STANDARD = "gnu++0x";
				CLANG_CXX_LIBRARY = "libc++";
				CLANG_ENABLE_MODULES = YES;
				CLANG_ENABLE_OBJC_ARC = YES;
				CLANG_WARN_BOOL_CONVERSION = YES;
				CLANG_WARN_CONSTANT_CONVERSION = YES;
				CLANG_WARN_DIRECT_OBJC_ISA_USAGE = YES_ERROR;
				CLANG_WARN_EMPTY_BODY = YES;
				CLANG_WARN_ENUM_CONVERSION = YES;
				CLANG_WARN_INT_CONVERSION = YES;
				CLANG_WARN_OBJC_ROOT_CLASS = YES_ERROR;
				CLANG_WARN_UNREACHABLE_CODE = YES;
				CLANG_WARN__DUPLICATE_METHOD_MATCH = YES;
				"CODE_SIGN_IDENTITY[sdk=iphoneos*]" = "iPhone Developer";
				COPY_PHASE_STRIP = NO;
				DEBUG_INFORMATION_FORMAT = "dwarf-with-dsym";
				ENABLE_STRICT_OBJC_MSGSEND = YES;
				GCC_C_LANGUAGE_STANDARD = gnu99;
				GCC_DYNAMIC_NO_PIC = NO;
				GCC_NO_COMMON_BLOCKS = YES;
				GCC_OPTIMIZATION_LEVEL = 0;
				GCC_PREPROCESSOR_DEFINITIONS = (
					"DEBUG=1",
					"$(inherited)",
				);
				GCC_SYMBOLS_PRIVATE_EXTERN = NO;
				GCC_WARN_64_TO_32_BIT_CONVERSION = YES;
				GCC_WARN_ABOUT_RETURN_TYPE = YES_ERROR;
				GCC_WARN_UNDECLARED_SELECTOR = YES;
				GCC_WARN_UNINITIALIZED_AUTOS = YES_AGGRESSIVE;
				GCC_WARN_UNUSED_FUNCTION = YES;
				GCC_WARN_UNUSED_VARIABLE = YES;
				IPHONEOS_DEPLOYMENT_TARGET = 8.3;
				MTL_ENABLE_DEBUG_INFO = YES;
				ONLY_ACTIVE_ARCH = YES;
				SDKROOT = iphoneos;
				SWIFT_OPTIMIZATION_LEVEL = "-Onone";
			};
			name = Debug;
		};
		E794A1571B1AD55800EEF2B2 /* Release */ = {
			isa = XCBuildConfiguration;
			buildSettings = {
				ALWAYS_SEARCH_USER_PATHS = NO;
				CLANG_CXX_LANGUAGE_STANDARD = "gnu++0x";
				CLANG_CXX_LIBRARY = "libc++";
				CLANG_ENABLE_MODULES = YES;
				CLANG_ENABLE_OBJC_ARC = YES;
				CLANG_WARN_BOOL_CONVERSION = YES;
				CLANG_WARN_CONSTANT_CONVERSION = YES;
				CLANG_WARN_DIRECT_OBJC_ISA_USAGE = YES_ERROR;
				CLANG_WARN_EMPTY_BODY = YES;
				CLANG_WARN_ENUM_CONVERSION = YES;
				CLANG_WARN_INT_CONVERSION = YES;
				CLANG_WARN_OBJC_ROOT_CLASS = YES_ERROR;
				CLANG_WARN_UNREACHABLE_CODE = YES;
				CLANG_WARN__DUPLICATE_METHOD_MATCH = YES;
				"CODE_SIGN_IDENTITY[sdk=iphoneos*]" = "iPhone Developer";
				COPY_PHASE_STRIP = NO;
				DEBUG_INFORMATION_FORMAT = "dwarf-with-dsym";
				ENABLE_NS_ASSERTIONS = NO;
				ENABLE_STRICT_OBJC_MSGSEND = YES;
				GCC_C_LANGUAGE_STANDARD = gnu99;
				GCC_NO_COMMON_BLOCKS = YES;
				GCC_WARN_64_TO_32_BIT_CONVERSION = YES;
				GCC_WARN_ABOUT_RETURN_TYPE = YES_ERROR;
				GCC_WARN_UNDECLARED_SELECTOR = YES;
				GCC_WARN_UNINITIALIZED_AUTOS = YES_AGGRESSIVE;
				GCC_WARN_UNUSED_FUNCTION = YES;
				GCC_WARN_UNUSED_VARIABLE = YES;
				IPHONEOS_DEPLOYMENT_TARGET = 8.3;
				MTL_ENABLE_DEBUG_INFO = NO;
				SDKROOT = iphoneos;
				VALIDATE_PRODUCT = YES;
			};
			name = Release;
		};
		E794A1591B1AD55800EEF2B2 /* Debug */ = {
			isa = XCBuildConfiguration;
			buildSettings = {
				ASSETCATALOG_COMPILER_APPICON_NAME = AppIcon;
				ASSETCATALOG_COMPILER_LAUNCHIMAGE_NAME = LaunchImage;
				INFOPLIST_FILE = "codepath-tumblr/Info.plist";
				IPHONEOS_DEPLOYMENT_TARGET = 8.0;
				LD_RUNPATH_SEARCH_PATHS = "$(inherited) @executable_path/Frameworks";
				PRODUCT_NAME = "$(TARGET_NAME)";
			};
			name = Debug;
		};
		E794A15A1B1AD55800EEF2B2 /* Release */ = {
			isa = XCBuildConfiguration;
			buildSettings = {
				ASSETCATALOG_COMPILER_APPICON_NAME = AppIcon;
				ASSETCATALOG_COMPILER_LAUNCHIMAGE_NAME = LaunchImage;
				INFOPLIST_FILE = "codepath-tumblr/Info.plist";
				IPHONEOS_DEPLOYMENT_TARGET = 8.0;
				LD_RUNPATH_SEARCH_PATHS = "$(inherited) @executable_path/Frameworks";
				PRODUCT_NAME = "$(TARGET_NAME)";
			};
			name = Release;
		};
		E794A15C1B1AD55800EEF2B2 /* Debug */ = {
			isa = XCBuildConfiguration;
			buildSettings = {
				BUNDLE_LOADER = "$(TEST_HOST)";
				FRAMEWORK_SEARCH_PATHS = (
					"$(SDKROOT)/Developer/Library/Frameworks",
					"$(inherited)",
				);
				GCC_PREPROCESSOR_DEFINITIONS = (
					"DEBUG=1",
					"$(inherited)",
				);
				INFOPLIST_FILE = "codepath-tumblrTests/Info.plist";
				LD_RUNPATH_SEARCH_PATHS = "$(inherited) @executable_path/Frameworks @loader_path/Frameworks";
				PRODUCT_NAME = "$(TARGET_NAME)";
				TEST_HOST = "$(BUILT_PRODUCTS_DIR)/codepath-tumblr.app/codepath-tumblr";
			};
			name = Debug;
		};
		E794A15D1B1AD55800EEF2B2 /* Release */ = {
			isa = XCBuildConfiguration;
			buildSettings = {
				BUNDLE_LOADER = "$(TEST_HOST)";
				FRAMEWORK_SEARCH_PATHS = (
					"$(SDKROOT)/Developer/Library/Frameworks",
					"$(inherited)",
				);
				INFOPLIST_FILE = "codepath-tumblrTests/Info.plist";
				LD_RUNPATH_SEARCH_PATHS = "$(inherited) @executable_path/Frameworks @loader_path/Frameworks";
				PRODUCT_NAME = "$(TARGET_NAME)";
				TEST_HOST = "$(BUILT_PRODUCTS_DIR)/codepath-tumblr.app/codepath-tumblr";
			};
			name = Release;
		};
/* End XCBuildConfiguration section */

/* Begin XCConfigurationList section */
		E794A1341B1AD55800EEF2B2 /* Build configuration list for PBXProject "codepath-tumblr" */ = {
			isa = XCConfigurationList;
			buildConfigurations = (
				E794A1561B1AD55800EEF2B2 /* Debug */,
				E794A1571B1AD55800EEF2B2 /* Release */,
			);
			defaultConfigurationIsVisible = 0;
			defaultConfigurationName = Release;
		};
		E794A1581B1AD55800EEF2B2 /* Build configuration list for PBXNativeTarget "codepath-tumblr" */ = {
			isa = XCConfigurationList;
			buildConfigurations = (
				E794A1591B1AD55800EEF2B2 /* Debug */,
				E794A15A1B1AD55800EEF2B2 /* Release */,
			);
			defaultConfigurationIsVisible = 0;
			defaultConfigurationName = Release;
		};
		E794A15B1B1AD55800EEF2B2 /* Build configuration list for PBXNativeTarget "codepath-tumblrTests" */ = {
			isa = XCConfigurationList;
			buildConfigurations = (
				E794A15C1B1AD55800EEF2B2 /* Debug */,
				E794A15D1B1AD55800EEF2B2 /* Release */,
			);
			defaultConfigurationIsVisible = 0;
			defaultConfigurationName = Release;
		};
/* End XCConfigurationList section */
	};
	rootObject = E794A1311B1AD55800EEF2B2 /* Project object */;
}
